
Microsoft Visual Studio Solution File, Format Version 12.00
# Visual Studio Version 16
VisualStudioVersion = 16.0.30523.141
MinimumVisualStudioVersion = 10.0.40219.1
Project("{FAE04EC0-301F-11D3-BF4B-00C04F79EFBC}") = "StudentLivingOn1000Rub", "StudentLivingOn1000Rub\StudentLivingOn1000Rub.csproj", "{2548BC50-9933-4962-B378-380B8B26FF88}"
EndProject
Global
	GlobalSection(SolutionConfigurationPlatforms) = preSolution
		Debug|Any CPU = Debug|Any CPU
		Release|Any CPU = Release|Any CPU
	EndGlobalSection
	GlobalSection(ProjectConfigurationPlatforms) = postSolution
		{2548BC50-9933-4962-B378-380B8B26FF88}.Debug|Any CPU.ActiveCfg = Debug|Any CPU
		{2548BC50-9933-4962-B378-380B8B26FF88}.Debug|Any CPU.Build.0 = Debug|Any CPU
		{2548BC50-9933-4962-B378-380B8B26FF88}.Release|Any CPU.ActiveCfg = Release|Any CPU
		{2548BC50-9933-4962-B378-380B8B26FF88}.Release|Any CPU.Build.0 = Release|Any CPU
	EndGlobalSection
	GlobalSection(SolutionProperties) = preSolution
		HideSolutionNode = FALSE
	EndGlobalSection
	GlobalSection(ExtensibilityGlobals) = postSolution
		SolutionGuid = {9384305E-996E-4E21-8135-AC9373F08D41}
	EndGlobalSection
EndGlobal
